
Microsoft Visual Studio Solution File, Format Version 11.00
# Visual C# Express 2010
Project("{FAE04EC0-301F-11D3-BF4B-00C04F79EFBC}") = "fishbot", "WindowsFormsApplication1\fishbot.csproj", "{71D65151-7228-491F-8869-B99B3ED86314}"
EndProject
Global
	GlobalSection(SolutionConfigurationPlatforms) = preSolution
		Debug|x86 = Debug|x86
		Release|x86 = Release|x86
	EndGlobalSection
	GlobalSection(ProjectConfigurationPlatforms) = postSolution
		{71D65151-7228-491F-8869-B99B3ED86314}.Debug|x86.ActiveCfg = Debug|x86
		{71D65151-7228-491F-8869-B99B3ED86314}.Debug|x86.Build.0 = Debug|x86
		{71D65151-7228-491F-8869-B99B3ED86314}.Release|x86.ActiveCfg = Release|x86
		{71D65151-7228-491F-8869-B99B3ED86314}.Release|x86.Build.0 = Release|x86
	EndGlobalSection
	GlobalSection(SolutionProperties) = preSolution
		HideSolutionNode = FALSE
	EndGlobalSection
EndGlobal
